{
  "name": "roleplayclient",
  "lockfileVersion": 3,
  "requires": true,
  "packages": {
    "": {
      "dependencies": {
        "@altv/types-client": "^2.3.7",
        "@altv/types-natives": "^1.4.5",
        "@altv/types-shared": "^1.3.1"
      }
    },
    "node_modules/@altv/types-client": {
      "version": "2.5.8",
      "resolved": "https://registry.npmjs.org/@altv/types-client/-/types-client-2.5.8.tgz",
      "integrity": "sha512-rW8sjh2HnD3MAcxmB8f+qL4asas3hAc0bJfDqCSlmaBsJykVw2u5KrJOQsxJnSlTJ3eTV9jIvLIrxbrFhoA7xw==",
      "peerDependencies": {
        "@altv/types-shared": ">=1.4",
        "@altv/types-worker": ">=1.0"
      }
    },
    "node_modules/@altv/types-natives": {
      "version": "1.5.3",
      "resolved": "https://registry.npmjs.org/@altv/types-natives/-/types-natives-1.5.3.tgz",
      "integrity": "sha512-Ugp+x1knj6DR8uU25IWHmpAUF4on+1RpBdiu5rJhJnNPXsi9OqqHcEBOsDf6XRFaETavfnE+ph7wNw8IkgXHAA==",
      "peerDependencies": {
        "@altv/types-client": ">=1.7.0"
      }
    },
    "node_modules/@altv/types-shared": {
      "version": "1.4.5",
      "resolved": "https://registry.npmjs.org/@altv/types-shared/-/types-shared-1.4.5.tgz",
      "integrity": "sha512-S9p014mYOa6vYE8zvGJoxyYR96pXrI17Nze+ptVHFRDQSuqxYA28z68ZYwBD46w7Jjg3S1JCCsMbiR2CScB1VQ=="
    },
    "node_modules/@altv/types-worker": {
      "version": "1.0.7",
      "resolved": "https://registry.npmjs.org/@altv/types-worker/-/types-worker-1.0.7.tgz",
      "integrity": "sha512-mImzn79l5w1/T16sZU0F7pI/hehY84tUe0PNu5Q/1S0B2OsINntAFU/RxLIe5XhSepVg0zlF2ZaISZfLcdQlLA==",
      "peer": true,
      "peerDependencies": {
        "@altv/types-client": "latest"
      }
    }
  }
}
