{
  "name": "roleplayclient",
  "lockfileVersion": 3,
  "requires": true,
  "packages": {
    "": {
      "dependencies": {
        "@altv/types-client": "^2.3.7",
        "@altv/types-natives": "^1.4.5",
        "@altv/types-shared": "^1.3.1"
      }
    },
    "node_modules/@altv/types-client": {
      "version": "2.9.0",
      "resolved": "https://registry.npmjs.org/@altv/types-client/-/types-client-2.9.0.tgz",
      "integrity": "sha512-lAqtcfAc1aPaLp6jd0/B+1VAtejw3yVfrsRpni6nYoVV2mwJ287dpnFdlorUzJVRx4Sk8pG9fYTBBSYe/Xk9/g==",
      "peerDependencies": {
        "@altv/types-shared": ">=1.6",
        "@altv/types-worker": ">=1.0"
      }
    },
    "node_modules/@altv/types-natives": {
      "version": "1.5.4",
      "resolved": "https://registry.npmjs.org/@altv/types-natives/-/types-natives-1.5.4.tgz",
      "integrity": "sha512-N4jtJ4f8KFOCi0sxlVvTWF7I7Nz/ylq136sIJMpsHIcBWIlysWF6zdJFdBW5bkquDGWgY8aBYPQ4TU+ayQhukw==",
      "peerDependencies": {
        "@altv/types-client": ">=2.5"
      }
    },
    "node_modules/@altv/types-shared": {
      "version": "1.6.0",
      "resolved": "https://registry.npmjs.org/@altv/types-shared/-/types-shared-1.6.0.tgz",
      "integrity": "sha512-OURm829uVVxKFMPtWx/ZUR9K7cw7ZISCt5qdFzRO0MUdd+HAX3hymJqyy3euksTkxlBpGQXox432I0Sk02aurg=="
    },
    "node_modules/@altv/types-worker": {
      "version": "1.0.7",
      "resolved": "https://registry.npmjs.org/@altv/types-worker/-/types-worker-1.0.7.tgz",
      "integrity": "sha512-mImzn79l5w1/T16sZU0F7pI/hehY84tUe0PNu5Q/1S0B2OsINntAFU/RxLIe5XhSepVg0zlF2ZaISZfLcdQlLA==",
      "peer": true,
      "peerDependencies": {
        "@altv/types-client": "latest"
      }
    }
  }
}
