{
  "name": "roleplayclient",
  "lockfileVersion": 2,
  "requires": true,
  "packages": {
    "": {
      "dependencies": {
        "@altv/types-client": "^2.3.7",
        "@altv/types-natives": "^1.4.5",
        "@altv/types-shared": "^1.3.1"
      }
    },
    "node_modules/@altv/types-client": {
      "version": "2.3.7",
      "resolved": "https://registry.npmjs.org/@altv/types-client/-/types-client-2.3.7.tgz",
      "integrity": "sha512-WtOIN2ow+s/lfcZhysvkCWrzUBzXhBUncYhExqHa4ySxi6tVhFRNIH5FNygILvAiFeqQPH52E0oGtBJr7xsu1w==",
      "peerDependencies": {
        "@altv/types-shared": "latest",
        "@altv/types-worker": "1.0.x"
      }
    },
    "node_modules/@altv/types-natives": {
      "version": "1.4.5",
      "resolved": "https://registry.npmjs.org/@altv/types-natives/-/types-natives-1.4.5.tgz",
      "integrity": "sha512-5cy+NmZP5RzkTZbPtjz9tDR5lRMVbczwkaHDjPyJWAQm78/pKH/2gkt2/RcpC5BJ4mUkEZ5+VgJM0D2JhbjtuA==",
      "peerDependencies": {
        "@altv/types-client": ">=1.7.0"
      }
    },
    "node_modules/@altv/types-shared": {
      "version": "1.3.1",
      "resolved": "https://registry.npmjs.org/@altv/types-shared/-/types-shared-1.3.1.tgz",
      "integrity": "sha512-6zepdoj+PoVZOHFfNaevoAIUOKIj/QdnnrhP65tteXa5Slo893jr/RLHHsJsYmJp4K4hKMNt5KazGDzDZO6dEg=="
    },
    "node_modules/@altv/types-worker": {
      "version": "1.0.7",
      "resolved": "https://registry.npmjs.org/@altv/types-worker/-/types-worker-1.0.7.tgz",
      "integrity": "sha512-mImzn79l5w1/T16sZU0F7pI/hehY84tUe0PNu5Q/1S0B2OsINntAFU/RxLIe5XhSepVg0zlF2ZaISZfLcdQlLA==",
      "peer": true,
      "peerDependencies": {
        "@altv/types-client": "latest"
      }
    }
  },
  "dependencies": {
    "@altv/types-client": {
      "version": "2.3.7",
      "resolved": "https://registry.npmjs.org/@altv/types-client/-/types-client-2.3.7.tgz",
      "integrity": "sha512-WtOIN2ow+s/lfcZhysvkCWrzUBzXhBUncYhExqHa4ySxi6tVhFRNIH5FNygILvAiFeqQPH52E0oGtBJr7xsu1w==",
      "requires": {}
    },
    "@altv/types-natives": {
      "version": "1.4.5",
      "resolved": "https://registry.npmjs.org/@altv/types-natives/-/types-natives-1.4.5.tgz",
      "integrity": "sha512-5cy+NmZP5RzkTZbPtjz9tDR5lRMVbczwkaHDjPyJWAQm78/pKH/2gkt2/RcpC5BJ4mUkEZ5+VgJM0D2JhbjtuA==",
      "requires": {}
    },
    "@altv/types-shared": {
      "version": "1.3.1",
      "resolved": "https://registry.npmjs.org/@altv/types-shared/-/types-shared-1.3.1.tgz",
      "integrity": "sha512-6zepdoj+PoVZOHFfNaevoAIUOKIj/QdnnrhP65tteXa5Slo893jr/RLHHsJsYmJp4K4hKMNt5KazGDzDZO6dEg=="
    },
    "@altv/types-worker": {
      "version": "1.0.7",
      "resolved": "https://registry.npmjs.org/@altv/types-worker/-/types-worker-1.0.7.tgz",
      "integrity": "sha512-mImzn79l5w1/T16sZU0F7pI/hehY84tUe0PNu5Q/1S0B2OsINntAFU/RxLIe5XhSepVg0zlF2ZaISZfLcdQlLA==",
      "peer": true,
      "requires": {}
    }
  }
}
