# THIS IS AN AUTOGENERATED FILE. DO NOT EDIT THIS FILE DIRECTLY.
# yarn lockfile v1


"@altv/types-client@^2.9.1":
  version "2.9.1"
  resolved "https://registry.yarnpkg.com/@altv/types-client/-/types-client-2.9.1.tgz#07107437aca3eb414bdffbc97309642dc558e4a6"
  integrity sha512-c8bX/eZdzIX+oDkkLbf8RDTSxoHWIT8uaNHPsDGuUxv+jcJwfuHSWAqcPlYWiRmA89fudIGCzryfQzX7FchZPw==

"@altv/types-natives@^1.5.4":
  version "1.5.4"
  resolved "https://registry.yarnpkg.com/@altv/types-natives/-/types-natives-1.5.4.tgz#f999821ad5e11a0b8132a0ff8a7b8dfaf05dd328"
  integrity sha512-N4jtJ4f8KFOCi0sxlVvTWF7I7Nz/ylq136sIJMpsHIcBWIlysWF6zdJFdBW5bkquDGWgY8aBYPQ4TU+ayQhukw==
