# THIS IS AN AUTOGENERATED FILE. DO NOT EDIT THIS FILE DIRECTLY.
# yarn lockfile v1


"@altv/types-client@^2.9.1":
  version "2.9.7"
  resolved "https://registry.yarnpkg.com/@altv/types-client/-/types-client-2.9.7.tgz#9082db1af8dbd7f04bc5f33e8ad67adcf6d9afba"
  integrity sha512-VCuo56pzGLJedu6oiesAoKtFc7O5ZhAHH7W/WOX1dGU+PXWIM0B6OYbYuIOr6AOLwTCVTv+QpUrKgkN+38WCyA==

"@altv/types-natives@^1.5.4":
  version "1.5.4"
  resolved "https://registry.yarnpkg.com/@altv/types-natives/-/types-natives-1.5.4.tgz#f999821ad5e11a0b8132a0ff8a7b8dfaf05dd328"
  integrity sha512-N4jtJ4f8KFOCi0sxlVvTWF7I7Nz/ylq136sIJMpsHIcBWIlysWF6zdJFdBW5bkquDGWgY8aBYPQ4TU+ayQhukw==
