# THIS IS AN AUTOGENERATED FILE. DO NOT EDIT THIS FILE DIRECTLY.
# yarn lockfile v1


"@altv/types-client@^2.9.1":
  version "2.9.9"
  resolved "https://registry.yarnpkg.com/@altv/types-client/-/types-client-2.9.9.tgz#1ae98a04ffcaca677d95f2e38bb7f96d31a75032"
  integrity sha512-huBd3zIckMunZsZZaiVE7gVxSfnIaDr/cDC8yTFsWgCNVDq400I/buYEXbxm4IxzEWsUz87Wcf6+AkXoEIEyUQ==

"@altv/types-natives@^1.5.4":
  version "1.5.4"
  resolved "https://registry.yarnpkg.com/@altv/types-natives/-/types-natives-1.5.4.tgz#f999821ad5e11a0b8132a0ff8a7b8dfaf05dd328"
  integrity sha512-N4jtJ4f8KFOCi0sxlVvTWF7I7Nz/ylq136sIJMpsHIcBWIlysWF6zdJFdBW5bkquDGWgY8aBYPQ4TU+ayQhukw==
